// !$*UTF8*$!
{
	archiveVersion = 1;
	classes = {
	};
	objectVersion = 55;
	objects = {

/* Begin PBXBuildFile section */
		673BD52F27561685004886C2 /* StartViewController.swift in Sources */ = {isa = PBXBuildFile; fileRef = 673BD52E27561685004886C2 /* StartViewController.swift */; };
		673BD531275616A1004886C2 /* GameOverViewController.swift in Sources */ = {isa = PBXBuildFile; fileRef = 673BD530275616A1004886C2 /* GameOverViewController.swift */; };
		673BD535275616D3004886C2 /* WinViewController.swift in Sources */ = {isa = PBXBuildFile; fileRef = 673BD534275616D3004886C2 /* WinViewController.swift */; };
		675AE44627551DFB00EC0EB2 /* Poison.swift in Sources */ = {isa = PBXBuildFile; fileRef = 675AE44527551DFB00EC0EB2 /* Poison.swift */; };
		676E29912755047100DC822A /* Floor.swift in Sources */ = {isa = PBXBuildFile; fileRef = 676E29902755047100DC822A /* Floor.swift */; };
		67D574AA2755020900EFCDBD /* AppDelegate.swift in Sources */ = {isa = PBXBuildFile; fileRef = 67D574A92755020900EFCDBD /* AppDelegate.swift */; };
		67D574AC2755020900EFCDBD /* GameScene.sks in Resources */ = {isa = PBXBuildFile; fileRef = 67D574AB2755020900EFCDBD /* GameScene.sks */; };
		67D574AE2755020900EFCDBD /* Actions.sks in Resources */ = {isa = PBXBuildFile; fileRef = 67D574AD2755020900EFCDBD /* Actions.sks */; };
		67D574B02755020900EFCDBD /* GameScene.swift in Sources */ = {isa = PBXBuildFile; fileRef = 67D574AF2755020900EFCDBD /* GameScene.swift */; };
		67D574B22755020900EFCDBD /* GameViewController.swift in Sources */ = {isa = PBXBuildFile; fileRef = 67D574B12755020900EFCDBD /* GameViewController.swift */; };
		67D574B52755020900EFCDBD /* Main.storyboard in Resources */ = {isa = PBXBuildFile; fileRef = 67D574B32755020900EFCDBD /* Main.storyboard */; };
		67D574B72755020B00EFCDBD /* Assets.xcassets in Resources */ = {isa = PBXBuildFile; fileRef = 67D574B62755020B00EFCDBD /* Assets.xcassets */; };
		67D574BA2755020B00EFCDBD /* LaunchScreen.storyboard in Resources */ = {isa = PBXBuildFile; fileRef = 67D574B82755020B00EFCDBD /* LaunchScreen.storyboard */; };
		67D574C12755022400EFCDBD /* Player.swift in Sources */ = {isa = PBXBuildFile; fileRef = 67D574C02755022400EFCDBD /* Player.swift */; };
		67D574C32755023100EFCDBD /* Bonus.swift in Sources */ = {isa = PBXBuildFile; fileRef = 67D574C22755023100EFCDBD /* Bonus.swift */; };
/* End PBXBuildFile section */

/* Begin PBXFileReference section */
		673BD52E27561685004886C2 /* StartViewController.swift */ = {isa = PBXFileReference; lastKnownFileType = sourcecode.swift; path = StartViewController.swift; sourceTree = "<group>"; };
		673BD530275616A1004886C2 /* GameOverViewController.swift */ = {isa = PBXFileReference; lastKnownFileType = sourcecode.swift; path = GameOverViewController.swift; sourceTree = "<group>"; };
		673BD534275616D3004886C2 /* WinViewController.swift */ = {isa = PBXFileReference; lastKnownFileType = sourcecode.swift; path = WinViewController.swift; sourceTree = "<group>"; };
		675AE44527551DFB00EC0EB2 /* Poison.swift */ = {isa = PBXFileReference; lastKnownFileType = sourcecode.swift; path = Poison.swift; sourceTree = "<group>"; };
		676E29902755047100DC822A /* Floor.swift */ = {isa = PBXFileReference; lastKnownFileType = sourcecode.swift; path = Floor.swift; sourceTree = "<group>"; };
		67D574A62755020900EFCDBD /* GameLR.app */ = {isa = PBXFileReference; explicitFileType = wrapper.application; includeInIndex = 0; path = GameLR.app; sourceTree = BUILT_PRODUCTS_DIR; };
		67D574A92755020900EFCDBD /* AppDelegate.swift */ = {isa = PBXFileReference; lastKnownFileType = sourcecode.swift; path = AppDelegate.swift; sourceTree = "<group>"; };
		67D574AB2755020900EFCDBD /* GameScene.sks */ = {isa = PBXFileReference; lastKnownFileType = file.sks; path = GameScene.sks; sourceTree = "<group>"; };
		67D574AD2755020900EFCDBD /* Actions.sks */ = {isa = PBXFileReference; lastKnownFileType = file.sks; path = Actions.sks; sourceTree = "<group>"; };
		67D574AF2755020900EFCDBD /* GameScene.swift */ = {isa = PBXFileReference; lastKnownFileType = sourcecode.swift; path = GameScene.swift; sourceTree = "<group>"; };
		67D574B12755020900EFCDBD /* GameViewController.swift */ = {isa = PBXFileReference; lastKnownFileType = sourcecode.swift; path = GameViewController.swift; sourceTree = "<group>"; };
		67D574B42755020900EFCDBD /* Base */ = {isa = PBXFileReference; lastKnownFileType = file.storyboard; name = Base; path = Base.lproj/Main.storyboard; sourceTree = "<group>"; };
		67D574B62755020B00EFCDBD /* Assets.xcassets */ = {isa = PBXFileReference; lastKnownFileType = folder.assetcatalog; path = Assets.xcassets; sourceTree = "<group>"; };
		67D574B92755020B00EFCDBD /* Base */ = {isa = PBXFileReference; lastKnownFileType = file.storyboard; name = Base; path = Base.lproj/LaunchScreen.storyboard; sourceTree = "<group>"; };
		67D574C02755022400EFCDBD /* Player.swift */ = {isa = PBXFileReference; lastKnownFileType = sourcecode.swift; path = Player.swift; sourceTree = "<group>"; };
		67D574C22755023100EFCDBD /* Bonus.swift */ = {isa = PBXFileReference; lastKnownFileType = sourcecode.swift; path = Bonus.swift; sourceTree = "<group>"; };
/* End PBXFileReference section */

/* Begin PBXFrameworksBuildPhase section */
		67D574A32755020900EFCDBD /* Frameworks */ = {
			isa = PBXFrameworksBuildPhase;
			buildActionMask = 2147483647;
			files = (
			);
			runOnlyForDeploymentPostprocessing = 0;
		};
/* End PBXFrameworksBuildPhase section */

/* Begin PBXGroup section */
		67D5749D2755020900EFCDBD = {
			isa = PBXGroup;
			children = (
				67D574A82755020900EFCDBD /* GameLR */,
				67D574A72755020900EFCDBD /* Products */,
			);
			sourceTree = "<group>";
		};
		67D574A72755020900EFCDBD /* Products */ = {
			isa = PBXGroup;
			children = (
				67D574A62755020900EFCDBD /* GameLR.app */,
			);
			name = Products;
			sourceTree = "<group>";
		};
		67D574A82755020900EFCDBD /* GameLR */ = {
			isa = PBXGroup;
			children = (
				67D574A92755020900EFCDBD /* AppDelegate.swift */,
				67D574AB2755020900EFCDBD /* GameScene.sks */,
				67D574AD2755020900EFCDBD /* Actions.sks */,
				67D574AF2755020900EFCDBD /* GameScene.swift */,
				67D574B12755020900EFCDBD /* GameViewController.swift */,
				673BD52E27561685004886C2 /* StartViewController.swift */,
				673BD530275616A1004886C2 /* GameOverViewController.swift */,
				673BD534275616D3004886C2 /* WinViewController.swift */,
				67D574B32755020900EFCDBD /* Main.storyboard */,
				67D574B62755020B00EFCDBD /* Assets.xcassets */,
				67D574B82755020B00EFCDBD /* LaunchScreen.storyboard */,
				67D574C02755022400EFCDBD /* Player.swift */,
				67D574C22755023100EFCDBD /* Bonus.swift */,
				676E29902755047100DC822A /* Floor.swift */,
				675AE44527551DFB00EC0EB2 /* Poison.swift */,
			);
			path = GameLR;
			sourceTree = "<group>";
		};
/* End PBXGroup section */

/* Begin PBXNativeTarget section */
		67D574A52755020900EFCDBD /* GameLR */ = {
			isa = PBXNativeTarget;
			buildConfigurationList = 67D574BD2755020B00EFCDBD /* Build configuration list for PBXNativeTarget "GameLR" */;
			buildPhases = (
				67D574A22755020900EFCDBD /* Sources */,
				67D574A32755020900EFCDBD /* Frameworks */,
				67D574A42755020900EFCDBD /* Resources */,
			);
			buildRules = (
			);
			dependencies = (
			);
			name = GameLR;
			productName = GameLR;
			productReference = 67D574A62755020900EFCDBD /* GameLR.app */;
			productType = "com.apple.product-type.application";
		};
/* End PBXNativeTarget section */

/* Begin PBXProject section */
		67D5749E2755020900EFCDBD /* Project object */ = {
			isa = PBXProject;
			attributes = {
				BuildIndependentTargetsInParallel = 1;
				LastSwiftUpdateCheck = 1310;
				LastUpgradeCheck = 1310;
				TargetAttributes = {
					67D574A52755020900EFCDBD = {
						CreatedOnToolsVersion = 13.1;
					};
				};
			};
			buildConfigurationList = 67D574A12755020900EFCDBD /* Build configuration list for PBXProject "GameLR" */;
			compatibilityVersion = "Xcode 13.0";
			developmentRegion = en;
			hasScannedForEncodings = 0;
			knownRegions = (
				en,
				Base,
			);
			mainGroup = 67D5749D2755020900EFCDBD;
			productRefGroup = 67D574A72755020900EFCDBD /* Products */;
			projectDirPath = "";
			projectRoot = "";
			targets = (
				67D574A52755020900EFCDBD /* GameLR */,
			);
		};
/* End PBXProject section */

/* Begin PBXResourcesBuildPhase section */
		67D574A42755020900EFCDBD /* Resources */ = {
			isa = PBXResourcesBuildPhase;
			buildActionMask = 2147483647;
			files = (
				67D574B52755020900EFCDBD /* Main.storyboard in Resources */,
				67D574AC2755020900EFCDBD /* GameScene.sks in Resources */,
				67D574B72755020B00EFCDBD /* Assets.xcassets in Resources */,
				67D574BA2755020B00EFCDBD /* LaunchScreen.storyboard in Resources */,
				67D574AE2755020900EFCDBD /* Actions.sks in Resources */,
			);
			runOnlyForDeploymentPostprocessing = 0;
		};
/* End PBXResourcesBuildPhase section */

/* Begin PBXSourcesBuildPhase section */
		67D574A22755020900EFCDBD /* Sources */ = {
			isa = PBXSourcesBuildPhase;
			buildActionMask = 2147483647;
			files = (
				675AE44627551DFB00EC0EB2 /* Poison.swift in Sources */,
				673BD52F27561685004886C2 /* StartViewController.swift in Sources */,
				676E29912755047100DC822A /* Floor.swift in Sources */,
				67D574C12755022400EFCDBD /* Player.swift in Sources */,
				67D574C32755023100EFCDBD /* Bonus.swift in Sources */,
				67D574B02755020900EFCDBD /* GameScene.swift in Sources */,
				67D574B22755020900EFCDBD /* GameViewController.swift in Sources */,
				673BD535275616D3004886C2 /* WinViewController.swift in Sources */,
				67D574AA2755020900EFCDBD /* AppDelegate.swift in Sources */,
				673BD531275616A1004886C2 /* GameOverViewController.swift in Sources */,
			);
			runOnlyForDeploymentPostprocessing = 0;
		};
/* End PBXSourcesBuildPhase section */

/* Begin PBXVariantGroup section */
		67D574B32755020900EFCDBD /* Main.storyboard */ = {
			isa = PBXVariantGroup;
			children = (
				67D574B42755020900EFCDBD /* Base */,
			);
			name = Main.storyboard;
			sourceTree = "<group>";
		};
		67D574B82755020B00EFCDBD /* LaunchScreen.storyboard */ = {
			isa = PBXVariantGroup;
			children = (
				67D574B92755020B00EFCDBD /* Base */,
			);
			name = LaunchScreen.storyboard;
			sourceTree = "<group>";
		};
/* End PBXVariantGroup section */

/* Begin XCBuildConfiguration section */
		67D574BB2755020B00EFCDBD /* Debug */ = {
			isa = XCBuildConfiguration;
			buildSettings = {
				ALWAYS_SEARCH_USER_PATHS = NO;
				CLANG_ANALYZER_NONNULL = YES;
				CLANG_ANALYZER_NUMBER_OBJECT_CONVERSION = YES_AGGRESSIVE;
				CLANG_CXX_LANGUAGE_STANDARD = "gnu++17";
				CLANG_CXX_LIBRARY = "libc++";
				CLANG_ENABLE_MODULES = YES;
				CLANG_ENABLE_OBJC_ARC = YES;
				CLANG_ENABLE_OBJC_WEAK = YES;
				CLANG_WARN_BLOCK_CAPTURE_AUTORELEASING = YES;
				CLANG_WARN_BOOL_CONVERSION = YES;
				CLANG_WARN_COMMA = YES;
				CLANG_WARN_CONSTANT_CONVERSION = YES;
				CLANG_WARN_DEPRECATED_OBJC_IMPLEMENTATIONS = YES;
				CLANG_WARN_DIRECT_OBJC_ISA_USAGE = YES_ERROR;
				CLANG_WARN_DOCUMENTATION_COMMENTS = YES;
				CLANG_WARN_EMPTY_BODY = YES;
				CLANG_WARN_ENUM_CONVERSION = YES;
				CLANG_WARN_INFINITE_RECURSION = YES;
				CLANG_WARN_INT_CONVERSION = YES;
				CLANG_WARN_NON_LITERAL_NULL_CONVERSION = YES;
				CLANG_WARN_OBJC_IMPLICIT_RETAIN_SELF = YES;
				CLANG_WARN_OBJC_LITERAL_CONVERSION = YES;
				CLANG_WARN_OBJC_ROOT_CLASS = YES_ERROR;
				CLANG_WARN_QUOTED_INCLUDE_IN_FRAMEWORK_HEADER = YES;
				CLANG_WARN_RANGE_LOOP_ANALYSIS = YES;
				CLANG_WARN_STRICT_PROTOTYPES = YES;
				CLANG_WARN_SUSPICIOUS_MOVE = YES;
				CLANG_WARN_UNGUARDED_AVAILABILITY = YES_AGGRESSIVE;
				CLANG_WARN_UNREACHABLE_CODE = YES;
				CLANG_WARN__DUPLICATE_METHOD_MATCH = YES;
				COPY_PHASE_STRIP = NO;
				DEBUG_INFORMATION_FORMAT = dwarf;
				ENABLE_STRICT_OBJC_MSGSEND = YES;
				ENABLE_TESTABILITY = YES;
				GCC_C_LANGUAGE_STANDARD = gnu11;
				GCC_DYNAMIC_NO_PIC = NO;
				GCC_NO_COMMON_BLOCKS = YES;
				GCC_OPTIMIZATION_LEVEL = 0;
				GCC_PREPROCESSOR_DEFINITIONS = (
					"DEBUG=1",
					"$(inherited)",
				);
				GCC_WARN_64_TO_32_BIT_CONVERSION = YES;
				GCC_WARN_ABOUT_RETURN_TYPE = YES_ERROR;
				GCC_WARN_UNDECLARED_SELECTOR = YES;
				GCC_WARN_UNINITIALIZED_AUTOS = YES_AGGRESSIVE;
				GCC_WARN_UNUSED_FUNCTION = YES;
				GCC_WARN_UNUSED_VARIABLE = YES;
				IPHONEOS_DEPLOYMENT_TARGET = 15.0;
				MTL_ENABLE_DEBUG_INFO = INCLUDE_SOURCE;
				MTL_FAST_MATH = YES;
				ONLY_ACTIVE_ARCH = YES;
				SDKROOT = iphoneos;
				SWIFT_ACTIVE_COMPILATION_CONDITIONS = DEBUG;
				SWIFT_OPTIMIZATION_LEVEL = "-Onone";
			};
			name = Debug;
		};
		67D574BC2755020B00EFCDBD /* Release */ = {
			isa = XCBuildConfiguration;
			buildSettings = {
				ALWAYS_SEARCH_USER_PATHS = NO;
				CLANG_ANALYZER_NONNULL = YES;
				CLANG_ANALYZER_NUMBER_OBJECT_CONVERSION = YES_AGGRESSIVE;
				CLANG_CXX_LANGUAGE_STANDARD = "gnu++17";
				CLANG_CXX_LIBRARY = "libc++";
				CLANG_ENABLE_MODULES = YES;
				CLANG_ENABLE_OBJC_ARC = YES;
				CLANG_ENABLE_OBJC_WEAK = YES;
				CLANG_WARN_BLOCK_CAPTURE_AUTORELEASING = YES;
				CLANG_WARN_BOOL_CONVERSION = YES;
				CLANG_WARN_COMMA = YES;
				CLANG_WARN_CONSTANT_CONVERSION = YES;
				CLANG_WARN_DEPRECATED_OBJC_IMPLEMENTATIONS = YES;
				CLANG_WARN_DIRECT_OBJC_ISA_USAGE = YES_ERROR;
				CLANG_WARN_DOCUMENTATION_COMMENTS = YES;
				CLANG_WARN_EMPTY_BODY = YES;
				CLANG_WARN_ENUM_CONVERSION = YES;
				CLANG_WARN_INFINITE_RECURSION = YES;
				CLANG_WARN_INT_CONVERSION = YES;
				CLANG_WARN_NON_LITERAL_NULL_CONVERSION = YES;
				CLANG_WARN_OBJC_IMPLICIT_RETAIN_SELF = YES;
				CLANG_WARN_OBJC_LITERAL_CONVERSION = YES;
				CLANG_WARN_OBJC_ROOT_CLASS = YES_ERROR;
				CLANG_WARN_QUOTED_INCLUDE_IN_FRAMEWORK_HEADER = YES;
				CLANG_WARN_RANGE_LOOP_ANALYSIS = YES;
				CLANG_WARN_STRICT_PROTOTYPES = YES;
				CLANG_WARN_SUSPICIOUS_MOVE = YES;
				CLANG_WARN_UNGUARDED_AVAILABILITY = YES_AGGRESSIVE;
				CLANG_WARN_UNREACHABLE_CODE = YES;
				CLANG_WARN__DUPLICATE_METHOD_MATCH = YES;
				COPY_PHASE_STRIP = NO;
				DEBUG_INFORMATION_FORMAT = "dwarf-with-dsym";
				ENABLE_NS_ASSERTIONS = NO;
				ENABLE_STRICT_OBJC_MSGSEND = YES;
				GCC_C_LANGUAGE_STANDARD = gnu11;
				GCC_NO_COMMON_BLOCKS = YES;
				GCC_WARN_64_TO_32_BIT_CONVERSION = YES;
				GCC_WARN_ABOUT_RETURN_TYPE = YES_ERROR;
				GCC_WARN_UNDECLARED_SELECTOR = YES;
				GCC_WARN_UNINITIALIZED_AUTOS = YES_AGGRESSIVE;
				GCC_WARN_UNUSED_FUNCTION = YES;
				GCC_WARN_UNUSED_VARIABLE = YES;
				IPHONEOS_DEPLOYMENT_TARGET = 15.0;
				MTL_ENABLE_DEBUG_INFO = NO;
				MTL_FAST_MATH = YES;
				SDKROOT = iphoneos;
				SWIFT_COMPILATION_MODE = wholemodule;
				SWIFT_OPTIMIZATION_LEVEL = "-O";
				VALIDATE_PRODUCT = YES;
			};
			name = Release;
		};
		67D574BE2755020B00EFCDBD /* Debug */ = {
			isa = XCBuildConfiguration;
			buildSettings = {
				ASSETCATALOG_COMPILER_APPICON_NAME = AppIcon;
				ASSETCATALOG_COMPILER_GLOBAL_ACCENT_COLOR_NAME = AccentColor;
				CODE_SIGN_STYLE = Automatic;
				CURRENT_PROJECT_VERSION = 1;
				DEVELOPMENT_TEAM = MWG3GS48P9;
				GENERATE_INFOPLIST_FILE = YES;
				INFOPLIST_KEY_UIApplicationSupportsIndirectInputEvents = YES;
				INFOPLIST_KEY_UILaunchStoryboardName = LaunchScreen;
				INFOPLIST_KEY_UIMainStoryboardFile = Main;
				INFOPLIST_KEY_UIStatusBarHidden = YES;
				INFOPLIST_KEY_UISupportedInterfaceOrientations_iPad = "UIInterfaceOrientationPortrait UIInterfaceOrientationPortraitUpsideDown UIInterfaceOrientationLandscapeLeft UIInterfaceOrientationLandscapeRight";
				INFOPLIST_KEY_UISupportedInterfaceOrientations_iPhone = "UIInterfaceOrientationPortrait UIInterfaceOrientationLandscapeLeft UIInterfaceOrientationLandscapeRight";
				LD_RUNPATH_SEARCH_PATHS = (
					"$(inherited)",
					"@executable_path/Frameworks",
				);
				MARKETING_VERSION = 1.0;
				PRODUCT_BUNDLE_IDENTIFIER = taras.GameLR;
				PRODUCT_NAME = "$(TARGET_NAME)";
				SWIFT_EMIT_LOC_STRINGS = YES;
				SWIFT_VERSION = 5.0;
				TARGETED_DEVICE_FAMILY = "1,2";
			};
			name = Debug;
		};
		67D574BF2755020B00EFCDBD /* Release */ = {
			isa = XCBuildConfiguration;
			buildSettings = {
				ASSETCATALOG_COMPILER_APPICON_NAME = AppIcon;
				ASSETCATALOG_COMPILER_GLOBAL_ACCENT_COLOR_NAME = AccentColor;
				CODE_SIGN_STYLE = Automatic;
				CURRENT_PROJECT_VERSION = 1;
				DEVELOPMENT_TEAM = MWG3GS48P9;
				GENERATE_INFOPLIST_FILE = YES;
				INFOPLIST_KEY_UIApplicationSupportsIndirectInputEvents = YES;
				INFOPLIST_KEY_UILaunchStoryboardName = LaunchScreen;
				INFOPLIST_KEY_UIMainStoryboardFile = Main;
				INFOPLIST_KEY_UIStatusBarHidden = YES;
				INFOPLIST_KEY_UISupportedInterfaceOrientations_iPad = "UIInterfaceOrientationPortrait UIInterfaceOrientationPortraitUpsideDown UIInterfaceOrientationLandscapeLeft UIInterfaceOrientationLandscapeRight";
				INFOPLIST_KEY_UISupportedInterfaceOrientations_iPhone = "UIInterfaceOrientationPortrait UIInterfaceOrientationLandscapeLeft UIInterfaceOrientationLandscapeRight";
				LD_RUNPATH_SEARCH_PATHS = (
					"$(inherited)",
					"@executable_path/Frameworks",
				);
				MARKETING_VERSION = 1.0;
				PRODUCT_BUNDLE_IDENTIFIER = taras.GameLR;
				PRODUCT_NAME = "$(TARGET_NAME)";
				SWIFT_EMIT_LOC_STRINGS = YES;
				SWIFT_VERSION = 5.0;
				TARGETED_DEVICE_FAMILY = "1,2";
			};
			name = Release;
		};
/* End XCBuildConfiguration section */

/* Begin XCConfigurationList section */
		67D574A12755020900EFCDBD /* Build configuration list for PBXProject "GameLR" */ = {
			isa = XCConfigurationList;
			buildConfigurations = (
				67D574BB2755020B00EFCDBD /* Debug */,
				67D574BC2755020B00EFCDBD /* Release */,
			);
			defaultConfigurationIsVisible = 0;
			defaultConfigurationName = Release;
		};
		67D574BD2755020B00EFCDBD /* Build configuration list for PBXNativeTarget "GameLR" */ = {
			isa = XCConfigurationList;
			buildConfigurations = (
				67D574BE2755020B00EFCDBD /* Debug */,
				67D574BF2755020B00EFCDBD /* Release */,
			);
			defaultConfigurationIsVisible = 0;
			defaultConfigurationName = Release;
		};
/* End XCConfigurationList section */
	};
	rootObject = 67D5749E2755020900EFCDBD /* Project object */;
}
